
Microsoft Visual Studio Solution File, Format Version 12.00
# Visual Studio 15
VisualStudioVersion = 15.0.28307.271
MinimumVisualStudioVersion = 10.0.40219.1
Project("{8BC9CEB8-8B4A-11D0-8D11-00A0C91BC942}") = "SimpleGitDemo", "SimpleGitDemo\SimpleGitDemo.vcxproj", "{CDDFC481-0E7F-4188-B5D3-FDDCAB697227}"
EndProject
Global
	GlobalSection(SolutionConfigurationPlatforms) = preSolution
		Debug|x64 = Debug|x64
		Debug|x86 = Debug|x86
		Release|x64 = Release|x64
		Release|x86 = Release|x86
	EndGlobalSection
	GlobalSection(ProjectConfigurationPlatforms) = postSolution
		{CDDFC481-0E7F-4188-B5D3-FDDCAB697227}.Debug|x64.ActiveCfg = Debug|x64
		{CDDFC481-0E7F-4188-B5D3-FDDCAB697227}.Debug|x64.Build.0 = Debug|x64
		{CDDFC481-0E7F-4188-B5D3-FDDCAB697227}.Debug|x86.ActiveCfg = Debug|Win32
		{CDDFC481-0E7F-4188-B5D3-FDDCAB697227}.Debug|x86.Build.0 = Debug|Win32
		{CDDFC481-0E7F-4188-B5D3-FDDCAB697227}.Release|x64.ActiveCfg = Release|x64
		{CDDFC481-0E7F-4188-B5D3-FDDCAB697227}.Release|x64.Build.0 = Release|x64
		{CDDFC481-0E7F-4188-B5D3-FDDCAB697227}.Release|x86.ActiveCfg = Release|Win32
		{CDDFC481-0E7F-4188-B5D3-FDDCAB697227}.Release|x86.Build.0 = Release|Win32
	EndGlobalSection
	GlobalSection(SolutionProperties) = preSolution
		HideSolutionNode = FALSE
	EndGlobalSection
	GlobalSection(ExtensibilityGlobals) = postSolution
		SolutionGuid = {4B1A2B46-1621-4366-8749-2940C271AABA}
	EndGlobalSection
EndGlobal
